
Microsoft Visual Studio Solution File, Format Version 12.00
# Visual Studio Version 17
VisualStudioVersion = 17.6.33815.320
MinimumVisualStudioVersion = 10.0.40219.1
Project("{FAE04EC0-301F-11D3-BF4B-00C04F79EFBC}") = "FromProject", "FromProject\FromProject.csproj", "{12FB4041-1F72-4CBD-A9C3-E2D378E81540}"
EndProject
Global
	GlobalSection(SolutionConfigurationPlatforms) = preSolution
		Debug|Any CPU = Debug|Any CPU
		Release|Any CPU = Release|Any CPU
	EndGlobalSection
	GlobalSection(ProjectConfigurationPlatforms) = postSolution
		{12FB4041-1F72-4CBD-A9C3-E2D378E81540}.Debug|Any CPU.ActiveCfg = Debug|Any CPU
		{12FB4041-1F72-4CBD-A9C3-E2D378E81540}.Debug|Any CPU.Build.0 = Debug|Any CPU
		{12FB4041-1F72-4CBD-A9C3-E2D378E81540}.Release|Any CPU.ActiveCfg = Release|Any CPU
		{12FB4041-1F72-4CBD-A9C3-E2D378E81540}.Release|Any CPU.Build.0 = Release|Any CPU
	EndGlobalSection
	GlobalSection(SolutionProperties) = preSolution
		HideSolutionNode = FALSE
	EndGlobalSection
	GlobalSection(ExtensibilityGlobals) = postSolution
		SolutionGuid = {977A8523-4978-4AC1-8AC9-0A095AEE942C}
	EndGlobalSection
EndGlobal
